// !$*UTF8*$!
{
	archiveVersion = 1;
	classes = {
	};
	objectVersion = 56;
	objects = {

/* Begin PBXBuildFile section */
		403AF36A2B4D60C00001E021 /* AppDelegate.swift in Sources */ = {isa = PBXBuildFile; fileRef = 403AF3692B4D60C00001E021 /* AppDelegate.swift */; };
		403AF36C2B4D60C00001E021 /* SceneDelegate.swift in Sources */ = {isa = PBXBuildFile; fileRef = 403AF36B2B4D60C00001E021 /* SceneDelegate.swift */; };
		403AF36E2B4D60C00001E021 /* ViewController.swift in Sources */ = {isa = PBXBuildFile; fileRef = 403AF36D2B4D60C00001E021 /* ViewController.swift */; };
		403AF3712B4D60C00001E021 /* Main.storyboard in Resources */ = {isa = PBXBuildFile; fileRef = 403AF36F2B4D60C00001E021 /* Main.storyboard */; };
		403AF3742B4D60C00001E021 /* MyReminderApp.xcdatamodeld in Sources */ = {isa = PBXBuildFile; fileRef = 403AF3722B4D60C00001E021 /* MyReminderApp.xcdatamodeld */; };
		403AF3762B4D60C10001E021 /* Assets.xcassets in Resources */ = {isa = PBXBuildFile; fileRef = 403AF3752B4D60C10001E021 /* Assets.xcassets */; };
		403AF3792B4D60C10001E021 /* LaunchScreen.storyboard in Resources */ = {isa = PBXBuildFile; fileRef = 403AF3772B4D60C10001E021 /* LaunchScreen.storyboard */; };
		403AF3812B4D61340001E021 /* AddViewController.swift in Sources */ = {isa = PBXBuildFile; fileRef = 403AF3802B4D61340001E021 /* AddViewController.swift */; };
		403AF3832B4DE0110001E021 /* ReminderVC.swift in Sources */ = {isa = PBXBuildFile; fileRef = 403AF3822B4DE0110001E021 /* ReminderVC.swift */; };
		408381042B4FFFF600510D13 /* Astronaut.mp3 in Resources */ = {isa = PBXBuildFile; fileRef = 408381012B4FFFF500510D13 /* Astronaut.mp3 */; };
		408381052B4FFFF600510D13 /* Huawei.mp3 in Resources */ = {isa = PBXBuildFile; fileRef = 408381022B4FFFF600510D13 /* Huawei.mp3 */; };
		408381062B4FFFF600510D13 /* Poco.mp3 in Resources */ = {isa = PBXBuildFile; fileRef = 408381032B4FFFF600510D13 /* Poco.mp3 */; };
		4083810A2B50000600510D13 /* Poco.mp3 in Resources */ = {isa = PBXBuildFile; fileRef = 408381072B50000600510D13 /* Poco.mp3 */; };
		4083810B2B50000600510D13 /* Astronaut.mp3 in Resources */ = {isa = PBXBuildFile; fileRef = 408381082B50000600510D13 /* Astronaut.mp3 */; };
		4083810C2B50000600510D13 /* Huawei.mp3 in Resources */ = {isa = PBXBuildFile; fileRef = 408381092B50000600510D13 /* Huawei.mp3 */; };
		4083810E2B50002300510D13 /* Poco.mp3 in Resources */ = {isa = PBXBuildFile; fileRef = 4083810D2B50002300510D13 /* Poco.mp3 */; };
		408381102B50002F00510D13 /* Poco.mp3 in Resources */ = {isa = PBXBuildFile; fileRef = 4083810F2B50002F00510D13 /* Poco.mp3 */; };
		408381142B50003B00510D13 /* Huawei.mp3 in Resources */ = {isa = PBXBuildFile; fileRef = 408381132B50003B00510D13 /* Huawei.mp3 */; };
		409ECD932B4ED77C007247D8 /* MediaPlayer.framework in Frameworks */ = {isa = PBXBuildFile; fileRef = 409ECD922B4ED77C007247D8 /* MediaPlayer.framework */; };
		40E448EA2B506C0300EDBDD9 /* Astronaut.mp3 in Resources */ = {isa = PBXBuildFile; fileRef = 40E448E92B506C0300EDBDD9 /* Astronaut.mp3 */; };
/* End PBXBuildFile section */

/* Begin PBXFileReference section */
		403AF3662B4D60C00001E021 /* MyReminderApp.app */ = {isa = PBXFileReference; explicitFileType = wrapper.application; includeInIndex = 0; path = MyReminderApp.app; sourceTree = BUILT_PRODUCTS_DIR; };
		403AF3692B4D60C00001E021 /* AppDelegate.swift */ = {isa = PBXFileReference; lastKnownFileType = sourcecode.swift; path = AppDelegate.swift; sourceTree = "<group>"; };
		403AF36B2B4D60C00001E021 /* SceneDelegate.swift */ = {isa = PBXFileReference; lastKnownFileType = sourcecode.swift; path = SceneDelegate.swift; sourceTree = "<group>"; };
		403AF36D2B4D60C00001E021 /* ViewController.swift */ = {isa = PBXFileReference; lastKnownFileType = sourcecode.swift; path = ViewController.swift; sourceTree = "<group>"; };
		403AF3702B4D60C00001E021 /* Base */ = {isa = PBXFileReference; lastKnownFileType = file.storyboard; name = Base; path = Base.lproj/Main.storyboard; sourceTree = "<group>"; };
		403AF3732B4D60C00001E021 /* MyReminderApp.xcdatamodel */ = {isa = PBXFileReference; lastKnownFileType = wrapper.xcdatamodel; path = MyReminderApp.xcdatamodel; sourceTree = "<group>"; };
		403AF3752B4D60C10001E021 /* Assets.xcassets */ = {isa = PBXFileReference; lastKnownFileType = folder.assetcatalog; path = Assets.xcassets; sourceTree = "<group>"; };
		403AF3782B4D60C10001E021 /* Base */ = {isa = PBXFileReference; lastKnownFileType = file.storyboard; name = Base; path = Base.lproj/LaunchScreen.storyboard; sourceTree = "<group>"; };
		403AF37A2B4D60C10001E021 /* Info.plist */ = {isa = PBXFileReference; lastKnownFileType = text.plist.xml; path = Info.plist; sourceTree = "<group>"; };
		403AF3802B4D61340001E021 /* AddViewController.swift */ = {isa = PBXFileReference; lastKnownFileType = sourcecode.swift; path = AddViewController.swift; sourceTree = "<group>"; };
		403AF3822B4DE0110001E021 /* ReminderVC.swift */ = {isa = PBXFileReference; lastKnownFileType = sourcecode.swift; path = ReminderVC.swift; sourceTree = "<group>"; };
		408381012B4FFFF500510D13 /* Astronaut.mp3 */ = {isa = PBXFileReference; lastKnownFileType = audio.mp3; name = Astronaut.mp3; path = ../../Downloads/Astronaut.mp3; sourceTree = "<group>"; };
		408381022B4FFFF600510D13 /* Huawei.mp3 */ = {isa = PBXFileReference; lastKnownFileType = audio.mp3; name = Huawei.mp3; path = ../../Downloads/Huawei.mp3; sourceTree = "<group>"; };
		408381032B4FFFF600510D13 /* Poco.mp3 */ = {isa = PBXFileReference; lastKnownFileType = audio.mp3; name = Poco.mp3; path = ../../Downloads/Poco.mp3; sourceTree = "<group>"; };
		408381072B50000600510D13 /* Poco.mp3 */ = {isa = PBXFileReference; lastKnownFileType = audio.mp3; name = Poco.mp3; path = ../../Downloads/Poco.mp3; sourceTree = "<group>"; };
		408381082B50000600510D13 /* Astronaut.mp3 */ = {isa = PBXFileReference; lastKnownFileType = audio.mp3; name = Astronaut.mp3; path = ../../Downloads/Astronaut.mp3; sourceTree = "<group>"; };
		408381092B50000600510D13 /* Huawei.mp3 */ = {isa = PBXFileReference; lastKnownFileType = audio.mp3; name = Huawei.mp3; path = ../../Downloads/Huawei.mp3; sourceTree = "<group>"; };
		4083810D2B50002300510D13 /* Poco.mp3 */ = {isa = PBXFileReference; lastKnownFileType = audio.mp3; name = Poco.mp3; path = ../../Downloads/Poco.mp3; sourceTree = "<group>"; };
		4083810F2B50002F00510D13 /* Poco.mp3 */ = {isa = PBXFileReference; lastKnownFileType = audio.mp3; name = Poco.mp3; path = ../../../Downloads/Poco.mp3; sourceTree = "<group>"; };
		408381132B50003B00510D13 /* Huawei.mp3 */ = {isa = PBXFileReference; lastKnownFileType = audio.mp3; name = Huawei.mp3; path = ../../../Downloads/Huawei.mp3; sourceTree = "<group>"; };
		409ECD922B4ED77C007247D8 /* MediaPlayer.framework */ = {isa = PBXFileReference; lastKnownFileType = wrapper.framework; name = MediaPlayer.framework; path = System/Library/Frameworks/MediaPlayer.framework; sourceTree = SDKROOT; };
		409ECD962B4EE0F6007247D8 /* alarm.mp3 */ = {isa = PBXFileReference; lastKnownFileType = audio.mp3; path = alarm.mp3; sourceTree = "<group>"; };
		40E448E92B506C0300EDBDD9 /* Astronaut.mp3 */ = {isa = PBXFileReference; lastKnownFileType = audio.mp3; name = Astronaut.mp3; path = ../../../Downloads/Astronaut.mp3; sourceTree = "<group>"; };
/* End PBXFileReference section */

/* Begin PBXFrameworksBuildPhase section */
		403AF3632B4D60C00001E021 /* Frameworks */ = {
			isa = PBXFrameworksBuildPhase;
			buildActionMask = 2147483647;
			files = (
				409ECD932B4ED77C007247D8 /* MediaPlayer.framework in Frameworks */,
			);
			runOnlyForDeploymentPostprocessing = 0;
		};
/* End PBXFrameworksBuildPhase section */

/* Begin PBXGroup section */
		403AF35D2B4D60C00001E021 = {
			isa = PBXGroup;
			children = (
				403AF3682B4D60C00001E021 /* MyReminderApp */,
				403AF3672B4D60C00001E021 /* Products */,
				409ECD912B4ED77B007247D8 /* Frameworks */,
			);
			sourceTree = "<group>";
		};
		403AF3672B4D60C00001E021 /* Products */ = {
			isa = PBXGroup;
			children = (
				403AF3662B4D60C00001E021 /* MyReminderApp.app */,
			);
			name = Products;
			sourceTree = "<group>";
		};
		403AF3682B4D60C00001E021 /* MyReminderApp */ = {
			isa = PBXGroup;
			children = (
				403AF3692B4D60C00001E021 /* AppDelegate.swift */,
				403AF36B2B4D60C00001E021 /* SceneDelegate.swift */,
				408381132B50003B00510D13 /* Huawei.mp3 */,
				40E448E92B506C0300EDBDD9 /* Astronaut.mp3 */,
				4083810F2B50002F00510D13 /* Poco.mp3 */,
				403AF36D2B4D60C00001E021 /* ViewController.swift */,
				403AF3802B4D61340001E021 /* AddViewController.swift */,
				403AF3822B4DE0110001E021 /* ReminderVC.swift */,
				403AF36F2B4D60C00001E021 /* Main.storyboard */,
				403AF3752B4D60C10001E021 /* Assets.xcassets */,
				403AF3772B4D60C10001E021 /* LaunchScreen.storyboard */,
				403AF37A2B4D60C10001E021 /* Info.plist */,
				403AF3722B4D60C00001E021 /* MyReminderApp.xcdatamodeld */,
			);
			path = MyReminderApp;
			sourceTree = "<group>";
		};
		409ECD912B4ED77B007247D8 /* Frameworks */ = {
			isa = PBXGroup;
			children = (
				4083810D2B50002300510D13 /* Poco.mp3 */,
				408381012B4FFFF500510D13 /* Astronaut.mp3 */,
				408381022B4FFFF600510D13 /* Huawei.mp3 */,
				408381082B50000600510D13 /* Astronaut.mp3 */,
				408381092B50000600510D13 /* Huawei.mp3 */,
				408381032B4FFFF600510D13 /* Poco.mp3 */,
				408381072B50000600510D13 /* Poco.mp3 */,
				409ECD962B4EE0F6007247D8 /* alarm.mp3 */,
				409ECD922B4ED77C007247D8 /* MediaPlayer.framework */,
			);
			name = Frameworks;
			sourceTree = "<group>";
		};
/* End PBXGroup section */

/* Begin PBXNativeTarget section */
		403AF3652B4D60C00001E021 /* MyReminderApp */ = {
			isa = PBXNativeTarget;
			buildConfigurationList = 403AF37D2B4D60C10001E021 /* Build configuration list for PBXNativeTarget "MyReminderApp" */;
			buildPhases = (
				403AF3622B4D60C00001E021 /* Sources */,
				403AF3632B4D60C00001E021 /* Frameworks */,
				403AF3642B4D60C00001E021 /* Resources */,
			);
			buildRules = (
			);
			dependencies = (
			);
			name = MyReminderApp;
			productName = MyReminderApp;
			productReference = 403AF3662B4D60C00001E021 /* MyReminderApp.app */;
			productType = "com.apple.product-type.application";
		};
/* End PBXNativeTarget section */

/* Begin PBXProject section */
		403AF35E2B4D60C00001E021 /* Project object */ = {
			isa = PBXProject;
			attributes = {
				BuildIndependentTargetsInParallel = 1;
				LastSwiftUpdateCheck = 1420;
				LastUpgradeCheck = 1420;
				TargetAttributes = {
					403AF3652B4D60C00001E021 = {
						CreatedOnToolsVersion = 14.2;
					};
				};
			};
			buildConfigurationList = 403AF3612B4D60C00001E021 /* Build configuration list for PBXProject "MyReminderApp" */;
			compatibilityVersion = "Xcode 14.0";
			developmentRegion = en;
			hasScannedForEncodings = 0;
			knownRegions = (
				en,
				Base,
			);
			mainGroup = 403AF35D2B4D60C00001E021;
			productRefGroup = 403AF3672B4D60C00001E021 /* Products */;
			projectDirPath = "";
			projectRoot = "";
			targets = (
				403AF3652B4D60C00001E021 /* MyReminderApp */,
			);
		};
/* End PBXProject section */

/* Begin PBXResourcesBuildPhase section */
		403AF3642B4D60C00001E021 /* Resources */ = {
			isa = PBXResourcesBuildPhase;
			buildActionMask = 2147483647;
			files = (
				408381062B4FFFF600510D13 /* Poco.mp3 in Resources */,
				403AF3792B4D60C10001E021 /* LaunchScreen.storyboard in Resources */,
				403AF3762B4D60C10001E021 /* Assets.xcassets in Resources */,
				408381052B4FFFF600510D13 /* Huawei.mp3 in Resources */,
				403AF3712B4D60C00001E021 /* Main.storyboard in Resources */,
				4083810B2B50000600510D13 /* Astronaut.mp3 in Resources */,
				4083810A2B50000600510D13 /* Poco.mp3 in Resources */,
				408381102B50002F00510D13 /* Poco.mp3 in Resources */,
				408381142B50003B00510D13 /* Huawei.mp3 in Resources */,
				4083810E2B50002300510D13 /* Poco.mp3 in Resources */,
				408381042B4FFFF600510D13 /* Astronaut.mp3 in Resources */,
				40E448EA2B506C0300EDBDD9 /* Astronaut.mp3 in Resources */,
				4083810C2B50000600510D13 /* Huawei.mp3 in Resources */,
			);
			runOnlyForDeploymentPostprocessing = 0;
		};
/* End PBXResourcesBuildPhase section */

/* Begin PBXSourcesBuildPhase section */
		403AF3622B4D60C00001E021 /* Sources */ = {
			isa = PBXSourcesBuildPhase;
			buildActionMask = 2147483647;
			files = (
				403AF3832B4DE0110001E021 /* ReminderVC.swift in Sources */,
				403AF3812B4D61340001E021 /* AddViewController.swift in Sources */,
				403AF36E2B4D60C00001E021 /* ViewController.swift in Sources */,
				403AF36A2B4D60C00001E021 /* AppDelegate.swift in Sources */,
				403AF36C2B4D60C00001E021 /* SceneDelegate.swift in Sources */,
				403AF3742B4D60C00001E021 /* MyReminderApp.xcdatamodeld in Sources */,
			);
			runOnlyForDeploymentPostprocessing = 0;
		};
/* End PBXSourcesBuildPhase section */

/* Begin PBXVariantGroup section */
		403AF36F2B4D60C00001E021 /* Main.storyboard */ = {
			isa = PBXVariantGroup;
			children = (
				403AF3702B4D60C00001E021 /* Base */,
			);
			name = Main.storyboard;
			sourceTree = "<group>";
		};
		403AF3772B4D60C10001E021 /* LaunchScreen.storyboard */ = {
			isa = PBXVariantGroup;
			children = (
				403AF3782B4D60C10001E021 /* Base */,
			);
			name = LaunchScreen.storyboard;
			sourceTree = "<group>";
		};
/* End PBXVariantGroup section */

/* Begin XCBuildConfiguration section */
		403AF37B2B4D60C10001E021 /* Debug */ = {
			isa = XCBuildConfiguration;
			buildSettings = {
				ALWAYS_SEARCH_USER_PATHS = NO;
				CLANG_ANALYZER_NONNULL = YES;
				CLANG_ANALYZER_NUMBER_OBJECT_CONVERSION = YES_AGGRESSIVE;
				CLANG_CXX_LANGUAGE_STANDARD = "gnu++20";
				CLANG_ENABLE_MODULES = YES;
				CLANG_ENABLE_OBJC_ARC = YES;
				CLANG_ENABLE_OBJC_WEAK = YES;
				CLANG_WARN_BLOCK_CAPTURE_AUTORELEASING = YES;
				CLANG_WARN_BOOL_CONVERSION = YES;
				CLANG_WARN_COMMA = YES;
				CLANG_WARN_CONSTANT_CONVERSION = YES;
				CLANG_WARN_DEPRECATED_OBJC_IMPLEMENTATIONS = YES;
				CLANG_WARN_DIRECT_OBJC_ISA_USAGE = YES_ERROR;
				CLANG_WARN_DOCUMENTATION_COMMENTS = YES;
				CLANG_WARN_EMPTY_BODY = YES;
				CLANG_WARN_ENUM_CONVERSION = YES;
				CLANG_WARN_INFINITE_RECURSION = YES;
				CLANG_WARN_INT_CONVERSION = YES;
				CLANG_WARN_NON_LITERAL_NULL_CONVERSION = YES;
				CLANG_WARN_OBJC_IMPLICIT_RETAIN_SELF = YES;
				CLANG_WARN_OBJC_LITERAL_CONVERSION = YES;
				CLANG_WARN_OBJC_ROOT_CLASS = YES_ERROR;
				CLANG_WARN_QUOTED_INCLUDE_IN_FRAMEWORK_HEADER = YES;
				CLANG_WARN_RANGE_LOOP_ANALYSIS = YES;
				CLANG_WARN_STRICT_PROTOTYPES = YES;
				CLANG_WARN_SUSPICIOUS_MOVE = YES;
				CLANG_WARN_UNGUARDED_AVAILABILITY = YES_AGGRESSIVE;
				CLANG_WARN_UNREACHABLE_CODE = YES;
				CLANG_WARN__DUPLICATE_METHOD_MATCH = YES;
				COPY_PHASE_STRIP = NO;
				DEBUG_INFORMATION_FORMAT = dwarf;
				ENABLE_STRICT_OBJC_MSGSEND = YES;
				ENABLE_TESTABILITY = YES;
				GCC_C_LANGUAGE_STANDARD = gnu11;
				GCC_DYNAMIC_NO_PIC = NO;
				GCC_NO_COMMON_BLOCKS = YES;
				GCC_OPTIMIZATION_LEVEL = 0;
				GCC_PREPROCESSOR_DEFINITIONS = (
					"DEBUG=1",
					"$(inherited)",
				);
				GCC_WARN_64_TO_32_BIT_CONVERSION = YES;
				GCC_WARN_ABOUT_RETURN_TYPE = YES_ERROR;
				GCC_WARN_UNDECLARED_SELECTOR = YES;
				GCC_WARN_UNINITIALIZED_AUTOS = YES_AGGRESSIVE;
				GCC_WARN_UNUSED_FUNCTION = YES;
				GCC_WARN_UNUSED_VARIABLE = YES;
				IPHONEOS_DEPLOYMENT_TARGET = 16.2;
				MTL_ENABLE_DEBUG_INFO = INCLUDE_SOURCE;
				MTL_FAST_MATH = YES;
				ONLY_ACTIVE_ARCH = YES;
				SDKROOT = iphoneos;
				SWIFT_ACTIVE_COMPILATION_CONDITIONS = DEBUG;
				SWIFT_OPTIMIZATION_LEVEL = "-Onone";
			};
			name = Debug;
		};
		403AF37C2B4D60C10001E021 /* Release */ = {
			isa = XCBuildConfiguration;
			buildSettings = {
				ALWAYS_SEARCH_USER_PATHS = NO;
				CLANG_ANALYZER_NONNULL = YES;
				CLANG_ANALYZER_NUMBER_OBJECT_CONVERSION = YES_AGGRESSIVE;
				CLANG_CXX_LANGUAGE_STANDARD = "gnu++20";
				CLANG_ENABLE_MODULES = YES;
				CLANG_ENABLE_OBJC_ARC = YES;
				CLANG_ENABLE_OBJC_WEAK = YES;
				CLANG_WARN_BLOCK_CAPTURE_AUTORELEASING = YES;
				CLANG_WARN_BOOL_CONVERSION = YES;
				CLANG_WARN_COMMA = YES;
				CLANG_WARN_CONSTANT_CONVERSION = YES;
				CLANG_WARN_DEPRECATED_OBJC_IMPLEMENTATIONS = YES;
				CLANG_WARN_DIRECT_OBJC_ISA_USAGE = YES_ERROR;
				CLANG_WARN_DOCUMENTATION_COMMENTS = YES;
				CLANG_WARN_EMPTY_BODY = YES;
				CLANG_WARN_ENUM_CONVERSION = YES;
				CLANG_WARN_INFINITE_RECURSION = YES;
				CLANG_WARN_INT_CONVERSION = YES;
				CLANG_WARN_NON_LITERAL_NULL_CONVERSION = YES;
				CLANG_WARN_OBJC_IMPLICIT_RETAIN_SELF = YES;
				CLANG_WARN_OBJC_LITERAL_CONVERSION = YES;
				CLANG_WARN_OBJC_ROOT_CLASS = YES_ERROR;
				CLANG_WARN_QUOTED_INCLUDE_IN_FRAMEWORK_HEADER = YES;
				CLANG_WARN_RANGE_LOOP_ANALYSIS = YES;
				CLANG_WARN_STRICT_PROTOTYPES = YES;
				CLANG_WARN_SUSPICIOUS_MOVE = YES;
				CLANG_WARN_UNGUARDED_AVAILABILITY = YES_AGGRESSIVE;
				CLANG_WARN_UNREACHABLE_CODE = YES;
				CLANG_WARN__DUPLICATE_METHOD_MATCH = YES;
				COPY_PHASE_STRIP = NO;
				DEBUG_INFORMATION_FORMAT = "dwarf-with-dsym";
				ENABLE_NS_ASSERTIONS = NO;
				ENABLE_STRICT_OBJC_MSGSEND = YES;
				GCC_C_LANGUAGE_STANDARD = gnu11;
				GCC_NO_COMMON_BLOCKS = YES;
				GCC_WARN_64_TO_32_BIT_CONVERSION = YES;
				GCC_WARN_ABOUT_RETURN_TYPE = YES_ERROR;
				GCC_WARN_UNDECLARED_SELECTOR = YES;
				GCC_WARN_UNINITIALIZED_AUTOS = YES_AGGRESSIVE;
				GCC_WARN_UNUSED_FUNCTION = YES;
				GCC_WARN_UNUSED_VARIABLE = YES;
				IPHONEOS_DEPLOYMENT_TARGET = 16.2;
				MTL_ENABLE_DEBUG_INFO = NO;
				MTL_FAST_MATH = YES;
				SDKROOT = iphoneos;
				SWIFT_COMPILATION_MODE = wholemodule;
				SWIFT_OPTIMIZATION_LEVEL = "-O";
				VALIDATE_PRODUCT = YES;
			};
			name = Release;
		};
		403AF37E2B4D60C10001E021 /* Debug */ = {
			isa = XCBuildConfiguration;
			buildSettings = {
				ASSETCATALOG_COMPILER_APPICON_NAME = AppIcon;
				ASSETCATALOG_COMPILER_GLOBAL_ACCENT_COLOR_NAME = AccentColor;
				CODE_SIGN_STYLE = Automatic;
				CURRENT_PROJECT_VERSION = 1;
				DEVELOPMENT_TEAM = BVCTAYM5RV;
				GENERATE_INFOPLIST_FILE = YES;
				INFOPLIST_FILE = MyReminderApp/Info.plist;
				INFOPLIST_KEY_UIApplicationSupportsIndirectInputEvents = YES;
				INFOPLIST_KEY_UILaunchStoryboardName = LaunchScreen;
				INFOPLIST_KEY_UIMainStoryboardFile = Main;
				INFOPLIST_KEY_UISupportedInterfaceOrientations_iPad = "UIInterfaceOrientationPortrait UIInterfaceOrientationPortraitUpsideDown UIInterfaceOrientationLandscapeLeft UIInterfaceOrientationLandscapeRight";
				INFOPLIST_KEY_UISupportedInterfaceOrientations_iPhone = "UIInterfaceOrientationPortrait UIInterfaceOrientationLandscapeLeft UIInterfaceOrientationLandscapeRight";
				LD_RUNPATH_SEARCH_PATHS = (
					"$(inherited)",
					"@executable_path/Frameworks",
				);
				MARKETING_VERSION = 1.0;
				PRODUCT_BUNDLE_IDENTIFIER = com.fatiharslan.MyReminderApp;
				PRODUCT_NAME = "$(TARGET_NAME)";
				SWIFT_EMIT_LOC_STRINGS = YES;
				SWIFT_VERSION = 5.0;
				TARGETED_DEVICE_FAMILY = "1,2";
			};
			name = Debug;
		};
		403AF37F2B4D60C10001E021 /* Release */ = {
			isa = XCBuildConfiguration;
			buildSettings = {
				ASSETCATALOG_COMPILER_APPICON_NAME = AppIcon;
				ASSETCATALOG_COMPILER_GLOBAL_ACCENT_COLOR_NAME = AccentColor;
				CODE_SIGN_STYLE = Automatic;
				CURRENT_PROJECT_VERSION = 1;
				DEVELOPMENT_TEAM = BVCTAYM5RV;
				GENERATE_INFOPLIST_FILE = YES;
				INFOPLIST_FILE = MyReminderApp/Info.plist;
				INFOPLIST_KEY_UIApplicationSupportsIndirectInputEvents = YES;
				INFOPLIST_KEY_UILaunchStoryboardName = LaunchScreen;
				INFOPLIST_KEY_UIMainStoryboardFile = Main;
				INFOPLIST_KEY_UISupportedInterfaceOrientations_iPad = "UIInterfaceOrientationPortrait UIInterfaceOrientationPortraitUpsideDown UIInterfaceOrientationLandscapeLeft UIInterfaceOrientationLandscapeRight";
				INFOPLIST_KEY_UISupportedInterfaceOrientations_iPhone = "UIInterfaceOrientationPortrait UIInterfaceOrientationLandscapeLeft UIInterfaceOrientationLandscapeRight";
				LD_RUNPATH_SEARCH_PATHS = (
					"$(inherited)",
					"@executable_path/Frameworks",
				);
				MARKETING_VERSION = 1.0;
				PRODUCT_BUNDLE_IDENTIFIER = com.fatiharslan.MyReminderApp;
				PRODUCT_NAME = "$(TARGET_NAME)";
				SWIFT_EMIT_LOC_STRINGS = YES;
				SWIFT_VERSION = 5.0;
				TARGETED_DEVICE_FAMILY = "1,2";
			};
			name = Release;
		};
/* End XCBuildConfiguration section */

/* Begin XCConfigurationList section */
		403AF3612B4D60C00001E021 /* Build configuration list for PBXProject "MyReminderApp" */ = {
			isa = XCConfigurationList;
			buildConfigurations = (
				403AF37B2B4D60C10001E021 /* Debug */,
				403AF37C2B4D60C10001E021 /* Release */,
			);
			defaultConfigurationIsVisible = 0;
			defaultConfigurationName = Release;
		};
		403AF37D2B4D60C10001E021 /* Build configuration list for PBXNativeTarget "MyReminderApp" */ = {
			isa = XCConfigurationList;
			buildConfigurations = (
				403AF37E2B4D60C10001E021 /* Debug */,
				403AF37F2B4D60C10001E021 /* Release */,
			);
			defaultConfigurationIsVisible = 0;
			defaultConfigurationName = Release;
		};
/* End XCConfigurationList section */

/* Begin XCVersionGroup section */
		403AF3722B4D60C00001E021 /* MyReminderApp.xcdatamodeld */ = {
			isa = XCVersionGroup;
			children = (
				403AF3732B4D60C00001E021 /* MyReminderApp.xcdatamodel */,
			);
			currentVersion = 403AF3732B4D60C00001E021 /* MyReminderApp.xcdatamodel */;
			path = MyReminderApp.xcdatamodeld;
			sourceTree = "<group>";
			versionGroupType = wrapper.xcdatamodel;
		};
/* End XCVersionGroup section */
	};
	rootObject = 403AF35E2B4D60C00001E021 /* Project object */;
}
